
Microsoft Visual Studio Solution File, Format Version 12.00
# Visual Studio Version 17
VisualStudioVersion = 17.9.34723.18
MinimumVisualStudioVersion = 10.0.40219.1
Project("{9A19103F-16F7-4668-BE54-9A1E7A4F7556}") = "BelttransportVisualizer", "BelttransportVisualizer\BelttransportVisualizer.csproj", "{B113601D-8DA1-40E4-9CD3-D54FDCEA9F34}"
EndProject
Project("{2150E333-8FDC-42A3-9474-1A3956D46DE8}") = "Solution Items", "Solution Items", "{4B300EF7-F0C8-47E9-8D22-A6EBC97E4F7A}"
	ProjectSection(SolutionItems) = preProject
		.gitattributes = .gitattributes
		.gitignore = .gitignore
		LICENSE.txt = LICENSE.txt
		README.md = README.md
	EndProjectSection
EndProject
Global
	GlobalSection(SolutionConfigurationPlatforms) = preSolution
		Debug|Any CPU = Debug|Any CPU
		Release|Any CPU = Release|Any CPU
	EndGlobalSection
	GlobalSection(ProjectConfigurationPlatforms) = postSolution
		{B113601D-8DA1-40E4-9CD3-D54FDCEA9F34}.Debug|Any CPU.ActiveCfg = Debug|Any CPU
		{B113601D-8DA1-40E4-9CD3-D54FDCEA9F34}.Debug|Any CPU.Build.0 = Debug|Any CPU
		{B113601D-8DA1-40E4-9CD3-D54FDCEA9F34}.Release|Any CPU.ActiveCfg = Release|Any CPU
		{B113601D-8DA1-40E4-9CD3-D54FDCEA9F34}.Release|Any CPU.Build.0 = Release|Any CPU
	EndGlobalSection
	GlobalSection(SolutionProperties) = preSolution
		HideSolutionNode = FALSE
	EndGlobalSection
	GlobalSection(ExtensibilityGlobals) = postSolution
		SolutionGuid = {8BA65549-65C7-48D2-8AD3-486401EAD819}
	EndGlobalSection
EndGlobal
