
Microsoft Visual Studio Solution File, Format Version 12.00
# Visual Studio Version 17
VisualStudioVersion = 17.9.34723.18
MinimumVisualStudioVersion = 10.0.40219.1
Project("{FAE04EC0-301F-11D3-BF4B-00C04F79EFBC}") = "BelttransportVisualizer", "BelttransportVisualizer\BelttransportVisualizer.csproj", "{B113601D-8DA1-40E4-9CD3-D54FDCEA9F34}"
EndProject
Global
	GlobalSection(SolutionConfigurationPlatforms) = preSolution
		Debug|Any CPU = Debug|Any CPU
		Release|Any CPU = Release|Any CPU
	EndGlobalSection
	GlobalSection(ProjectConfigurationPlatforms) = postSolution
		{B113601D-8DA1-40E4-9CD3-D54FDCEA9F34}.Debug|Any CPU.ActiveCfg = Debug|Any CPU
		{B113601D-8DA1-40E4-9CD3-D54FDCEA9F34}.Debug|Any CPU.Build.0 = Debug|Any CPU
		{B113601D-8DA1-40E4-9CD3-D54FDCEA9F34}.Release|Any CPU.ActiveCfg = Release|Any CPU
		{B113601D-8DA1-40E4-9CD3-D54FDCEA9F34}.Release|Any CPU.Build.0 = Release|Any CPU
	EndGlobalSection
	GlobalSection(SolutionProperties) = preSolution
		HideSolutionNode = FALSE
	EndGlobalSection
	GlobalSection(ExtensibilityGlobals) = postSolution
		SolutionGuid = {8BA65549-65C7-48D2-8AD3-486401EAD819}
	EndGlobalSection
EndGlobal
